
Microsoft Visual Studio Solution File, Format Version 12.00
# Visual Studio Version 17
VisualStudioVersion = 17.13.35828.75 d17.13
MinimumVisualStudioVersion = 10.0.40219.1
Project("{FAE04EC0-301F-11D3-BF4B-00C04F79EFBC}") = "ProjectMVCwithDatabase", "ProjectMVCwithDatabase\ProjectMVCwithDatabase.csproj", "{EEE903A5-E52D-41FA-825E-DEF68821347A}"
EndProject
Global
	GlobalSection(SolutionConfigurationPlatforms) = preSolution
		Debug|Any CPU = Debug|Any CPU
		Release|Any CPU = Release|Any CPU
	EndGlobalSection
	GlobalSection(ProjectConfigurationPlatforms) = postSolution
		{EEE903A5-E52D-41FA-825E-DEF68821347A}.Debug|Any CPU.ActiveCfg = Debug|Any CPU
		{EEE903A5-E52D-41FA-825E-DEF68821347A}.Debug|Any CPU.Build.0 = Debug|Any CPU
		{EEE903A5-E52D-41FA-825E-DEF68821347A}.Release|Any CPU.ActiveCfg = Release|Any CPU
		{EEE903A5-E52D-41FA-825E-DEF68821347A}.Release|Any CPU.Build.0 = Release|Any CPU
	EndGlobalSection
	GlobalSection(SolutionProperties) = preSolution
		HideSolutionNode = FALSE
	EndGlobalSection
	GlobalSection(ExtensibilityGlobals) = postSolution
		SolutionGuid = {F8C5D8E5-AB03-4D92-A9A3-7EF81376A09B}
	EndGlobalSection
EndGlobal
